
Microsoft Visual Studio Solution File, Format Version 12.00
# Visual Studio Version 17
VisualStudioVersion = 17.11.35327.3
MinimumVisualStudioVersion = 10.0.40219.1
Project("{9A19103F-16F7-4668-BE54-9A1E7A4F7556}") = "WebApplication10", "WebApplication10.csproj", "{BC3E5C44-76E8-4A41-B6C0-FED5AA74D7DB}"
EndProject
Global
	GlobalSection(SolutionConfigurationPlatforms) = preSolution
		Debug|Any CPU = Debug|Any CPU
		Release|Any CPU = Release|Any CPU
	EndGlobalSection
	GlobalSection(ProjectConfigurationPlatforms) = postSolution
		{BC3E5C44-76E8-4A41-B6C0-FED5AA74D7DB}.Debug|Any CPU.ActiveCfg = Debug|Any CPU
		{BC3E5C44-76E8-4A41-B6C0-FED5AA74D7DB}.Debug|Any CPU.Build.0 = Debug|Any CPU
		{BC3E5C44-76E8-4A41-B6C0-FED5AA74D7DB}.Release|Any CPU.ActiveCfg = Release|Any CPU
		{BC3E5C44-76E8-4A41-B6C0-FED5AA74D7DB}.Release|Any CPU.Build.0 = Release|Any CPU
	EndGlobalSection
	GlobalSection(SolutionProperties) = preSolution
		HideSolutionNode = FALSE
	EndGlobalSection
	GlobalSection(ExtensibilityGlobals) = postSolution
		SolutionGuid = {FEB7B0A7-E475-4115-847E-4FBCBE373C35}
	EndGlobalSection
EndGlobal
